{
  "name": "btc2g.github.io",
  "lockfileVersion": 3,
  "requires": true,
  "packages": {
    "": {
      "dependencies": {
        "@moonpay/moonpay-js": "^0.7.4",
        "jose": "^6.2.3",
        "stripe": "^22.1.0"
      }
    },
    "node_modules/@moonpay/moonpay-js": {
      "version": "0.7.4",
      "resolved": "https://registry.npmjs.org/@moonpay/moonpay-js/-/moonpay-js-0.7.4.tgz",
      "integrity": "sha512-zx90oSKhQXzpYt8U6nCgChWuq7jIEJj63D2mw+8ZaqBuE1MAxvpZf8ZNPtMpPVVkjFntUKXNCVoNy+mPYUUh5A=="
    },
    "node_modules/jose": {
      "version": "6.2.3",
      "resolved": "https://registry.npmjs.org/jose/-/jose-6.2.3.tgz",
      "integrity": "sha512-YYVDInQKFJfR/xa3ojUTl8c2KoTwiL1R5Wg9YCydwH0x0B9grbzlg5HC7mMjCtUJjbQ/YnGEZIhI5tCgfTb4Hw==",
      "funding": {
        "url": "https://github.com/sponsors/panva"
      }
    },
    "node_modules/stripe": {
      "version": "22.1.0",
      "resolved": "https://registry.npmjs.org/stripe/-/stripe-22.1.0.tgz",
      "integrity": "sha512-w/xHyJGxXWnLPbNHG13sz/fae0MrFGC80Oz7YbICQymbfpqfEcsoG+6yG+9BWb81PWc4rrkeSO4wmTcmefmbLw==",
      "engines": {
        "node": ">=18"
      },
      "peerDependencies": {
        "@types/node": ">=18"
      },
      "peerDependenciesMeta": {
        "@types/node": {
          "optional": true
        }
      }
    }
  }
}
